{
  "name": "bibtex",
  "version": "1.0.0",
  "lockfileVersion": 1,
  "requires": true,
  "dependencies": {
    "@citation-js/core": {
      "version": "0.5.0-alpha.7",
      "resolved": "https://registry.npmjs.org/@citation-js/core/-/core-0.5.0-alpha.7.tgz",
      "integrity": "sha512-RuYFIHRlykVL4zcvFiBe4uErrrG4F74+hmQe51NNi1bLLgWq+H2EmlCpxnFAL/PrOWPH4FPRD5BXmNljQ65ofQ==",
      "requires": {
        "@citation-js/date": "^0.4.4",
        "@citation-js/name": "^0.4.2",
        "isomorphic-fetch": "^2.2.1",
        "sync-fetch": "^0.2.0"
      }
    },
    "@citation-js/date": {
      "version": "0.4.4",
      "resolved": "https://registry.npmjs.org/@citation-js/date/-/date-0.4.4.tgz",
      "integrity": "sha512-wD195pZPwCCN8idhxz4HYZbf5mMnPZMRhOipcU8v1orZWqZp6YDRjOplNKo6yX7tf6fB4ZO8QLuNaNjuic5AWQ=="
    },
    "@citation-js/name": {
      "version": "0.4.2",
      "resolved": "https://registry.npmjs.org/@citation-js/name/-/name-0.4.2.tgz",
      "integrity": "sha512-brSPsjs2fOVzSnARLKu0qncn6suWjHVQtrqSUrnqyaRH95r/Ad4wPF5EsoWr+Dx8HzkCGb/ogmoAzfCsqlTwTQ=="
    },
    "@citation-js/plugin-bibjson": {
      "version": "0.5.0-alpha.7",
      "resolved": "https://registry.npmjs.org/@citation-js/plugin-bibjson/-/plugin-bibjson-0.5.0-alpha.7.tgz",
      "integrity": "sha512-CTWDEjOdNnvmjbMIHOhga2xKkeVU+p3P+F3VlGpl8CQeQMw5hA5ACl/5wmo80Da/PO33FOnpo4hb87hlFzNzwA==",
      "requires": {
        "@citation-js/date": "^0.4.4",
        "@citation-js/name": "^0.4.2"
      }
    },
    "@citation-js/plugin-bibtex": {
      "version": "0.5.0-alpha.7",
      "resolved": "https://registry.npmjs.org/@citation-js/plugin-bibtex/-/plugin-bibtex-0.5.0-alpha.7.tgz",
      "integrity": "sha512-Y830p1pRUZdb5K1568H1t1uKiJCNt+A5i14Ikp50CO6soUL8CCxexKgtw6Rb7ty9UJlJW4xFSXXOSpvmpWkkwA==",
      "requires": {
        "@citation-js/date": "^0.4.4",
        "@citation-js/name": "^0.4.2",
        "moo": "^0.5.1"
      }
    },
    "@citation-js/plugin-csl": {
      "version": "0.5.0-alpha.7",
      "resolved": "https://registry.npmjs.org/@citation-js/plugin-csl/-/plugin-csl-0.5.0-alpha.7.tgz",
      "integrity": "sha512-ObnwOvxMTNiwLHjoQJKpsXw8se6HprQ5Z35U2zK1BiQzBqMm2iwTKi1g6EuQsxW5sDKPhhzZC+NwFW/vFRgBqg==",
      "requires": {
        "citeproc": "^2.4.6"
      }
    },
    "@citation-js/plugin-doi": {
      "version": "0.5.0-alpha.7",
      "resolved": "https://registry.npmjs.org/@citation-js/plugin-doi/-/plugin-doi-0.5.0-alpha.7.tgz",
      "integrity": "sha512-Fbaap0ddDt3m1VJ7uEucgxq7+LgYiYNB8vAcAsDzhnhP+jkFef2XNNRrWbDKe6HiiYlyGEYqb6xEG62YoP1ZZA=="
    },
    "@citation-js/plugin-ris": {
      "version": "0.5.0-alpha.7",
      "resolved": "https://registry.npmjs.org/@citation-js/plugin-ris/-/plugin-ris-0.5.0-alpha.7.tgz",
      "integrity": "sha512-cjagsmmBso2GHg7Y7nEjuiEwqcU0ztnTnQEsGGJF8OLGRw3nXnLYnAmnx3OdNqk+VU1vmMok4McXjt/gBke6TA==",
      "requires": {
        "@citation-js/date": "^0.4.4",
        "@citation-js/name": "^0.4.2"
      }
    },
    "@citation-js/plugin-wikidata": {
      "version": "0.5.0-alpha.7",
      "resolved": "https://registry.npmjs.org/@citation-js/plugin-wikidata/-/plugin-wikidata-0.5.0-alpha.7.tgz",
      "integrity": "sha512-MRB/A109ri+/YplFCniKj1UHvwAga5cfOY9U6Rk9XldD3+wKaQypg6CSUIBwPlzZNTK2sO8GVtdNHuMChzLcHg==",
      "requires": {
        "@citation-js/date": "^0.4.4",
        "@citation-js/name": "^0.4.2",
        "wikidata-sdk": "7"
      }
    },
    "CSSselect": {
      "version": "0.4.1",
      "resolved": "https://registry.npmjs.org/CSSselect/-/CSSselect-0.4.1.tgz",
      "integrity": "sha1-+Kt+H4QYzmPNput713ioXX7EkrI=",
      "requires": {
        "CSSwhat": "0.4",
        "domutils": "1.4"
      }
    },
    "CSSwhat": {
      "version": "0.4.7",
      "resolved": "https://registry.npmjs.org/CSSwhat/-/CSSwhat-0.4.7.tgz",
      "integrity": "sha1-hn2g/zn3eGEyQsRM/qg/CqTr35s="
    },
    "ajv": {
      "version": "6.12.5",
      "resolved": "https://registry.npmjs.org/ajv/-/ajv-6.12.5.tgz",
      "integrity": "sha512-lRF8RORchjpKG50/WFf8xmg7sgCLFiYNNnqdKflk63whMQcWR5ngGjiSXkL9bjxy6B2npOK2HSMN49jEBMSkag==",
      "requires": {
        "fast-deep-equal": "^3.1.1",
        "fast-json-stable-stringify": "^2.0.0",
        "json-schema-traverse": "^0.4.1",
        "uri-js": "^4.2.2"
      }
    },
    "asn1": {
      "version": "0.2.4",
      "resolved": "https://registry.npmjs.org/asn1/-/asn1-0.2.4.tgz",
      "integrity": "sha512-jxwzQpLQjSmWXgwaCZE9Nz+glAG01yF1QnWgbhGwHI5A6FRIEY6IVqtHhIepHqI7/kyEyQEagBC5mBEFlIYvdg==",
      "requires": {
        "safer-buffer": "~2.1.0"
      }
    },
    "assert-plus": {
      "version": "1.0.0",
      "resolved": "https://registry.npmjs.org/assert-plus/-/assert-plus-1.0.0.tgz",
      "integrity": "sha1-8S4PPF13sLHN2RRpQuTpbB5N1SU="
    },
    "async": {
      "version": "0.2.10",
      "resolved": "https://registry.npmjs.org/async/-/async-0.2.10.tgz",
      "integrity": "sha1-trvgsGdLnXGXCMo43owjfLUmw9E="
    },
    "asynckit": {
      "version": "0.4.0",
      "resolved": "https://registry.npmjs.org/asynckit/-/asynckit-0.4.0.tgz",
      "integrity": "sha1-x57Zf380y48robyXkLzDZkdLS3k="
    },
    "aws-sign2": {
      "version": "0.7.0",
      "resolved": "https://registry.npmjs.org/aws-sign2/-/aws-sign2-0.7.0.tgz",
      "integrity": "sha1-tG6JCTSpWR8tL2+G1+ap8bP+dqg="
    },
    "aws4": {
      "version": "1.10.1",
      "resolved": "https://registry.npmjs.org/aws4/-/aws4-1.10.1.tgz",
      "integrity": "sha512-zg7Hz2k5lI8kb7U32998pRRFin7zJlkfezGJjUc2heaD4Pw2wObakCDVzkKztTm/Ln7eiVvYsjqak0Ed4LkMDA=="
    },
    "base64-js": {
      "version": "1.3.1",
      "resolved": "https://registry.npmjs.org/base64-js/-/base64-js-1.3.1.tgz",
      "integrity": "sha512-mLQ4i2QO1ytvGWFWmcngKO//JXAQueZvwEKtjgQFM4jIK0kU+ytMfplL8j+n5mspOfjHwoAg+9yhb7BwAHm36g=="
    },
    "bcrypt-pbkdf": {
      "version": "1.0.2",
      "resolved": "https://registry.npmjs.org/bcrypt-pbkdf/-/bcrypt-pbkdf-1.0.2.tgz",
      "integrity": "sha1-pDAdOJtqQ/m2f/PKEaP2Y342Dp4=",
      "requires": {
        "tweetnacl": "^0.14.3"
      }
    },
    "buffer": {
      "version": "5.6.0",
      "resolved": "https://registry.npmjs.org/buffer/-/buffer-5.6.0.tgz",
      "integrity": "sha512-/gDYp/UtU0eA1ys8bOs9J6a+E/KWIY+DZ+Q2WESNUA0jFRsJOc0SNUO6xJ5SGA1xueg3NL65W6s+NY5l9cunuw==",
      "requires": {
        "base64-js": "^1.0.2",
        "ieee754": "^1.1.4"
      }
    },
    "caseless": {
      "version": "0.12.0",
      "resolved": "https://registry.npmjs.org/caseless/-/caseless-0.12.0.tgz",
      "integrity": "sha1-G2gcIf+EAzyCZUMJBolCDRhxUdw="
    },
    "cheerio": {
      "version": "0.13.1",
      "resolved": "https://registry.npmjs.org/cheerio/-/cheerio-0.13.1.tgz",
      "integrity": "sha1-SK8RNFYbNSf4PZFWxPmo69grBuw=",
      "requires": {
        "CSSselect": "~0.4.0",
        "entities": "0.x",
        "htmlparser2": "~3.4.0",
        "underscore": "~1.5"
      }
    },
    "citation-js": {
      "version": "0.5.0-alpha.7",
      "resolved": "https://registry.npmjs.org/citation-js/-/citation-js-0.5.0-alpha.7.tgz",
      "integrity": "sha512-dwNLX1eGxLEdFNCzRGFtoArJsROmP2nPMk6KkSJCT3vVOmdxRMq4tekDCJ4XQZ9t5VN4IzgvwSxAqw7h1tjugg==",
      "requires": {
        "@citation-js/cli": "0.5.0-alpha.7",
        "@citation-js/core": "0.5.0-alpha.7",
        "@citation-js/date": "0.4.4",
        "@citation-js/name": "0.4.2",
        "@citation-js/plugin-bibjson": "0.5.0-alpha.7",
        "@citation-js/plugin-bibtex": "0.5.0-alpha.7",
        "@citation-js/plugin-csl": "0.5.0-alpha.7",
        "@citation-js/plugin-doi": "0.5.0-alpha.7",
        "@citation-js/plugin-ris": "0.5.0-alpha.7",
        "@citation-js/plugin-wikidata": "0.5.0-alpha.7",
        "citeproc": "^2.4.6"
      },
      "dependencies": {
        "@citation-js/cli": {
          "version": "0.5.0-alpha.7",
          "resolved": "https://registry.npmjs.org/@citation-js/cli/-/cli-0.5.0-alpha.7.tgz",
          "integrity": "sha512-uAojP2Tdidsk7h/q8+Kh7eZCIbuVFsZ913pnCq4dnK2AljXpNEQaG9cKV7TeXLSGiBTM0A239gMLdfcmYCryMg==",
          "requires": {
            "@citation-js/core": "^0.5.0-alpha.7",
            "@citation-js/plugin-bibjson": "^0.5.0-alpha.7",
            "@citation-js/plugin-bibtex": "^0.5.0-alpha.7",
            "@citation-js/plugin-csl": "^0.5.0-alpha.7",
            "@citation-js/plugin-doi": "^0.5.0-alpha.7",
            "@citation-js/plugin-ris": "^0.5.0-alpha.7",
            "@citation-js/plugin-wikidata": "^0.5.0-alpha.7",
            "commander": "^5.1.0"
          }
        }
      }
    },
    "citation.js": {
      "version": "0.4.1",
      "resolved": "https://registry.npmjs.org/citation.js/-/citation.js-0.4.1.tgz",
      "integrity": "sha1-+ysB/j7Yayq0H1JyGSk5yF2UjzE=",
      "requires": {
        "async": "^0.2.10",
        "cheerio": "^0.13.1",
        "request": "^2.34.0"
      }
    },
    "citeproc": {
      "version": "2.4.35",
      "resolved": "https://registry.npmjs.org/citeproc/-/citeproc-2.4.35.tgz",
      "integrity": "sha512-yqubbQfpl9jo1meAmCZpfr6Q9u3tC8DAmGpGqSbrumxWa8WmiYfiTD+WiYpaK4yRvDwnZE4TbnC3DQxhFR4Wfw=="
    },
    "combined-stream": {
      "version": "1.0.8",
      "resolved": "https://registry.npmjs.org/combined-stream/-/combined-stream-1.0.8.tgz",
      "integrity": "sha512-FQN4MRfuJeHf7cBbBMJFXhKSDq+2kAArBlmRBvcvFE5BB1HZKXtSFASDhdlz9zOYwxh8lDdnvmMOe/+5cdoEdg==",
      "requires": {
        "delayed-stream": "~1.0.0"
      }
    },
    "commander": {
      "version": "5.1.0",
      "resolved": "https://registry.npmjs.org/commander/-/commander-5.1.0.tgz",
      "integrity": "sha512-P0CysNDQ7rtVw4QIQtm+MRxV66vKFSvlsQvGYXZWR3qFU0jlMKHZZZgw8e+8DSah4UDKMqnknRDQz+xuQXQ/Zg=="
    },
    "core-util-is": {
      "version": "1.0.2",
      "resolved": "https://registry.npmjs.org/core-util-is/-/core-util-is-1.0.2.tgz",
      "integrity": "sha1-tf1UIgqivFq1eqtxQMlAdUUDwac="
    },
    "dashdash": {
      "version": "1.14.1",
      "resolved": "https://registry.npmjs.org/dashdash/-/dashdash-1.14.1.tgz",
      "integrity": "sha1-hTz6D3y+L+1d4gMmuN1YEDX24vA=",
      "requires": {
        "assert-plus": "^1.0.0"
      }
    },
    "delayed-stream": {
      "version": "1.0.0",
      "resolved": "https://registry.npmjs.org/delayed-stream/-/delayed-stream-1.0.0.tgz",
      "integrity": "sha1-3zrhmayt+31ECqrgsp4icrJOxhk="
    },
    "domelementtype": {
      "version": "1.3.1",
      "resolved": "https://registry.npmjs.org/domelementtype/-/domelementtype-1.3.1.tgz",
      "integrity": "sha512-BSKB+TSpMpFI/HOxCNr1O8aMOTZ8hT3pM3GQ0w/mWRmkhEDSFJkkyzz4XQsBV44BChwGkrDfMyjVD0eA2aFV3w=="
    },
    "domhandler": {
      "version": "2.2.1",
      "resolved": "https://registry.npmjs.org/domhandler/-/domhandler-2.2.1.tgz",
      "integrity": "sha1-Wd+dzSJ+gIs2Wuc+H2aErD2Ub8I=",
      "requires": {
        "domelementtype": "1"
      }
    },
    "domutils": {
      "version": "1.4.3",
      "resolved": "https://registry.npmjs.org/domutils/-/domutils-1.4.3.tgz",
      "integrity": "sha1-CGVRN5bGswYDGFDhdVFrr4C3Km8=",
      "requires": {
        "domelementtype": "1"
      }
    },
    "ecc-jsbn": {
      "version": "0.1.2",
      "resolved": "https://registry.npmjs.org/ecc-jsbn/-/ecc-jsbn-0.1.2.tgz",
      "integrity": "sha1-OoOpBOVDUyh4dMVkt1SThoSamMk=",
      "requires": {
        "jsbn": "~0.1.0",
        "safer-buffer": "^2.1.0"
      }
    },
    "encoding": {
      "version": "0.1.13",
      "resolved": "https://registry.npmjs.org/encoding/-/encoding-0.1.13.tgz",
      "integrity": "sha512-ETBauow1T35Y/WZMkio9jiM0Z5xjHHmJ4XmjZOq1l/dXz3lr2sRn87nJy20RupqSh1F2m3HHPSp8ShIPQJrJ3A==",
      "requires": {
        "iconv-lite": "^0.6.2"
      }
    },
    "entities": {
      "version": "0.5.0",
      "resolved": "https://registry.npmjs.org/entities/-/entities-0.5.0.tgz",
      "integrity": "sha1-9hHLWuIhBQ4AEsZpeVA/164ZzEk="
    },
    "extend": {
      "version": "3.0.2",
      "resolved": "https://registry.npmjs.org/extend/-/extend-3.0.2.tgz",
      "integrity": "sha512-fjquC59cD7CyW6urNXK0FBufkZcoiGG80wTuPujX590cB5Ttln20E2UB4S/WARVqhXffZl2LNgS+gQdPIIim/g=="
    },
    "extsprintf": {
      "version": "1.3.0",
      "resolved": "https://registry.npmjs.org/extsprintf/-/extsprintf-1.3.0.tgz",
      "integrity": "sha1-lpGEQOMEGnpBT4xS48V06zw+HgU="
    },
    "fast-deep-equal": {
      "version": "3.1.3",
      "resolved": "https://registry.npmjs.org/fast-deep-equal/-/fast-deep-equal-3.1.3.tgz",
      "integrity": "sha512-f3qQ9oQy9j2AhBe/H9VC91wLmKBCCU/gDOnKNAYG5hswO7BLKj09Hc5HYNz9cGI++xlpDCIgDaitVs03ATR84Q=="
    },
    "fast-json-stable-stringify": {
      "version": "2.1.0",
      "resolved": "https://registry.npmjs.org/fast-json-stable-stringify/-/fast-json-stable-stringify-2.1.0.tgz",
      "integrity": "sha512-lhd/wF+Lk98HZoTCtlVraHtfh5XYijIjalXck7saUtuanSDyLMxnHhSXEDJqHxD7msR8D0uCmqlkwjCV8xvwHw=="
    },
    "forever-agent": {
      "version": "0.6.1",
      "resolved": "https://registry.npmjs.org/forever-agent/-/forever-agent-0.6.1.tgz",
      "integrity": "sha1-+8cfDEGt6zf5bFd60e1C2P2sypE="
    },
    "form-data": {
      "version": "2.3.3",
      "resolved": "https://registry.npmjs.org/form-data/-/form-data-2.3.3.tgz",
      "integrity": "sha512-1lLKB2Mu3aGP1Q/2eCOx0fNbRMe7XdwktwOruhfqqd0rIJWwN4Dh+E3hrPSlDCXnSR7UtZ1N38rVXm+6+MEhJQ==",
      "requires": {
        "asynckit": "^0.4.0",
        "combined-stream": "^1.0.6",
        "mime-types": "^2.1.12"
      }
    },
    "getpass": {
      "version": "0.1.7",
      "resolved": "https://registry.npmjs.org/getpass/-/getpass-0.1.7.tgz",
      "integrity": "sha1-Xv+OPmhNVprkyysSgmBOi6YhSfo=",
      "requires": {
        "assert-plus": "^1.0.0"
      }
    },
    "har-schema": {
      "version": "2.0.0",
      "resolved": "https://registry.npmjs.org/har-schema/-/har-schema-2.0.0.tgz",
      "integrity": "sha1-qUwiJOvKwEeCoNkDVSHyRzW37JI="
    },
    "har-validator": {
      "version": "5.1.5",
      "resolved": "https://registry.npmjs.org/har-validator/-/har-validator-5.1.5.tgz",
      "integrity": "sha512-nmT2T0lljbxdQZfspsno9hgrG3Uir6Ks5afism62poxqBM6sDnMEuPmzTq8XN0OEwqKLLdh1jQI3qyE66Nzb3w==",
      "requires": {
        "ajv": "^6.12.3",
        "har-schema": "^2.0.0"
      }
    },
    "htmlparser2": {
      "version": "3.4.0",
      "resolved": "https://registry.npmjs.org/htmlparser2/-/htmlparser2-3.4.0.tgz",
      "integrity": "sha1-oc1l9YI60oXhnWOwha1yLQpR6uc=",
      "requires": {
        "domelementtype": "1",
        "domhandler": "2.2",
        "domutils": "1.3",
        "readable-stream": "1.1"
      },
      "dependencies": {
        "domutils": {
          "version": "1.3.0",
          "resolved": "https://registry.npmjs.org/domutils/-/domutils-1.3.0.tgz",
          "integrity": "sha1-mtTVm1r2ymhMYv5tdo7xcOcN8ZI=",
          "requires": {
            "domelementtype": "1"
          }
        }
      }
    },
    "http-signature": {
      "version": "1.2.0",
      "resolved": "https://registry.npmjs.org/http-signature/-/http-signature-1.2.0.tgz",
      "integrity": "sha1-muzZJRFHcvPZW2WmCruPfBj7rOE=",
      "requires": {
        "assert-plus": "^1.0.0",
        "jsprim": "^1.2.2",
        "sshpk": "^1.7.0"
      }
    },
    "iconv-lite": {
      "version": "0.6.2",
      "resolved": "https://registry.npmjs.org/iconv-lite/-/iconv-lite-0.6.2.tgz",
      "integrity": "sha512-2y91h5OpQlolefMPmUlivelittSWy0rP+oYVpn6A7GwVHNE8AWzoYOBNmlwks3LobaJxgHCYZAnyNo2GgpNRNQ==",
      "requires": {
        "safer-buffer": ">= 2.1.2 < 3.0.0"
      }
    },
    "ieee754": {
      "version": "1.1.13",
      "resolved": "https://registry.npmjs.org/ieee754/-/ieee754-1.1.13.tgz",
      "integrity": "sha512-4vf7I2LYV/HaWerSo3XmlMkp5eZ83i+/CDluXi/IGTs/O1sejBNhTtnxzmRZfvOUqj7lZjqHkeTvpgSFDlWZTg=="
    },
    "inherits": {
      "version": "2.0.4",
      "resolved": "https://registry.npmjs.org/inherits/-/inherits-2.0.4.tgz",
      "integrity": "sha512-k/vGaX4/Yla3WzyMCvTQOXYeIHvqOKtnqBduzTHpzpQZzAskKMhZ2K+EnBiSM9zGSoIFeMpXKxa4dYeZIQqewQ=="
    },
    "is-stream": {
      "version": "1.1.0",
      "resolved": "https://registry.npmjs.org/is-stream/-/is-stream-1.1.0.tgz",
      "integrity": "sha1-EtSj3U5o4Lec6428hBc66A2RykQ="
    },
    "is-typedarray": {
      "version": "1.0.0",
      "resolved": "https://registry.npmjs.org/is-typedarray/-/is-typedarray-1.0.0.tgz",
      "integrity": "sha1-5HnICFjfDBsR3dppQPlgEfzaSpo="
    },
    "isarray": {
      "version": "0.0.1",
      "resolved": "https://registry.npmjs.org/isarray/-/isarray-0.0.1.tgz",
      "integrity": "sha1-ihis/Kmo9Bd+Cav8YDiTmwXR7t8="
    },
    "isomorphic-fetch": {
      "version": "2.2.1",
      "resolved": "https://registry.npmjs.org/isomorphic-fetch/-/isomorphic-fetch-2.2.1.tgz",
      "integrity": "sha1-YRrhrPFPXoH3KVB0coGf6XM1WKk=",
      "requires": {
        "node-fetch": "^1.0.1",
        "whatwg-fetch": ">=0.10.0"
      }
    },
    "isstream": {
      "version": "0.1.2",
      "resolved": "https://registry.npmjs.org/isstream/-/isstream-0.1.2.tgz",
      "integrity": "sha1-R+Y/evVa+m+S4VAOaQ64uFKcCZo="
    },
    "jsbn": {
      "version": "0.1.1",
      "resolved": "https://registry.npmjs.org/jsbn/-/jsbn-0.1.1.tgz",
      "integrity": "sha1-peZUwuWi3rXyAdls77yoDA7y9RM="
    },
    "json-schema": {
      "version": "0.2.3",
      "resolved": "https://registry.npmjs.org/json-schema/-/json-schema-0.2.3.tgz",
      "integrity": "sha1-tIDIkuWaLwWVTOcnvT8qTogvnhM="
    },
    "json-schema-traverse": {
      "version": "0.4.1",
      "resolved": "https://registry.npmjs.org/json-schema-traverse/-/json-schema-traverse-0.4.1.tgz",
      "integrity": "sha512-xbbCH5dCYU5T8LcEhhuh7HJ88HXuW3qsI3Y0zOZFKfZEHcpWiHU/Jxzk629Brsab/mMiHQti9wMP+845RPe3Vg=="
    },
    "json-stringify-safe": {
      "version": "5.0.1",
      "resolved": "https://registry.npmjs.org/json-stringify-safe/-/json-stringify-safe-5.0.1.tgz",
      "integrity": "sha1-Epai1Y/UXxmg9s4B1lcB4sc1tus="
    },
    "jsprim": {
      "version": "1.4.1",
      "resolved": "https://registry.npmjs.org/jsprim/-/jsprim-1.4.1.tgz",
      "integrity": "sha1-MT5mvB5cwG5Di8G3SZwuXFastqI=",
      "requires": {
        "assert-plus": "1.0.0",
        "extsprintf": "1.3.0",
        "json-schema": "0.2.3",
        "verror": "1.10.0"
      }
    },
    "mime-db": {
      "version": "1.44.0",
      "resolved": "https://registry.npmjs.org/mime-db/-/mime-db-1.44.0.tgz",
      "integrity": "sha512-/NOTfLrsPBVeH7YtFPgsVWveuL+4SjjYxaQ1xtM1KMFj7HdxlBlxeyNLzhyJVx7r4rZGJAZ/6lkKCitSc/Nmpg=="
    },
    "mime-types": {
      "version": "2.1.27",
      "resolved": "https://registry.npmjs.org/mime-types/-/mime-types-2.1.27.tgz",
      "integrity": "sha512-JIhqnCasI9yD+SsmkquHBxTSEuZdQX5BuQnS2Vc7puQQQ+8yiP5AY5uWhpdv4YL4VM5c6iliiYWPgJ/nJQLp7w==",
      "requires": {
        "mime-db": "1.44.0"
      }
    },
    "moo": {
      "version": "0.5.1",
      "resolved": "https://registry.npmjs.org/moo/-/moo-0.5.1.tgz",
      "integrity": "sha512-I1mnb5xn4fO80BH9BLcF0yLypy2UKl+Cb01Fu0hJRkJjlCRtxZMWkTdAtDd5ZqCOxtCkhmRwyI57vWT+1iZ67w=="
    },
    "node-fetch": {
      "version": "1.7.3",
      "resolved": "https://registry.npmjs.org/node-fetch/-/node-fetch-1.7.3.tgz",
      "integrity": "sha512-NhZ4CsKx7cYm2vSrBAr2PvFOe6sWDf0UYLRqA6svUYg7+/TSfVAu49jYC4BvQ4Sms9SZgdqGBgroqfDhJdTyKQ==",
      "requires": {
        "encoding": "^0.1.11",
        "is-stream": "^1.0.1"
      }
    },
    "oauth-sign": {
      "version": "0.9.0",
      "resolved": "https://registry.npmjs.org/oauth-sign/-/oauth-sign-0.9.0.tgz",
      "integrity": "sha512-fexhUFFPTGV8ybAtSIGbV6gOkSv8UtRbDBnAyLQw4QPKkgNlsH2ByPGtMUqdWkos6YCRmAqViwgZrJc/mRDzZQ=="
    },
    "performance-now": {
      "version": "2.1.0",
      "resolved": "https://registry.npmjs.org/performance-now/-/performance-now-2.1.0.tgz",
      "integrity": "sha1-Ywn04OX6kT7BxpMHrjZLSzd8nns="
    },
    "psl": {
      "version": "1.8.0",
      "resolved": "https://registry.npmjs.org/psl/-/psl-1.8.0.tgz",
      "integrity": "sha512-RIdOzyoavK+hA18OGGWDqUTsCLhtA7IcZ/6NCs4fFJaHBDab+pDDmDIByWFRQJq2Cd7r1OoQxBGKOaztq+hjIQ=="
    },
    "punycode": {
      "version": "2.1.1",
      "resolved": "https://registry.npmjs.org/punycode/-/punycode-2.1.1.tgz",
      "integrity": "sha512-XRsRjdf+j5ml+y/6GKHPZbrF/8p2Yga0JPtdqTIY2Xe5ohJPD9saDJJLPvp9+NSBprVvevdXZybnj2cv8OEd0A=="
    },
    "qs": {
      "version": "6.5.2",
      "resolved": "https://registry.npmjs.org/qs/-/qs-6.5.2.tgz",
      "integrity": "sha512-N5ZAX4/LxJmF+7wN74pUD6qAh9/wnvdQcjq9TZjevvXzSUo7bfmw91saqMjzGS2xq91/odN2dW/WOl7qQHNDGA=="
    },
    "readable-stream": {
      "version": "1.1.14",
      "resolved": "https://registry.npmjs.org/readable-stream/-/readable-stream-1.1.14.tgz",
      "integrity": "sha1-fPTFTvZI44EwhMY23SB54WbAgdk=",
      "requires": {
        "core-util-is": "~1.0.0",
        "inherits": "~2.0.1",
        "isarray": "0.0.1",
        "string_decoder": "~0.10.x"
      }
    },
    "request": {
      "version": "2.88.2",
      "resolved": "https://registry.npmjs.org/request/-/request-2.88.2.tgz",
      "integrity": "sha512-MsvtOrfG9ZcrOwAW+Qi+F6HbD0CWXEh9ou77uOb7FM2WPhwT7smM833PzanhJLsgXjN89Ir6V2PczXNnMpwKhw==",
      "requires": {
        "aws-sign2": "~0.7.0",
        "aws4": "^1.8.0",
        "caseless": "~0.12.0",
        "combined-stream": "~1.0.6",
        "extend": "~3.0.2",
        "forever-agent": "~0.6.1",
        "form-data": "~2.3.2",
        "har-validator": "~5.1.3",
        "http-signature": "~1.2.0",
        "is-typedarray": "~1.0.0",
        "isstream": "~0.1.2",
        "json-stringify-safe": "~5.0.1",
        "mime-types": "~2.1.19",
        "oauth-sign": "~0.9.0",
        "performance-now": "^2.1.0",
        "qs": "~6.5.2",
        "safe-buffer": "^5.1.2",
        "tough-cookie": "~2.5.0",
        "tunnel-agent": "^0.6.0",
        "uuid": "^3.3.2"
      }
    },
    "safe-buffer": {
      "version": "5.2.1",
      "resolved": "https://registry.npmjs.org/safe-buffer/-/safe-buffer-5.2.1.tgz",
      "integrity": "sha512-rp3So07KcdmmKbGvgaNxQSJr7bGVSVk5S9Eq1F+ppbRo70+YeaDxkw5Dd8NPN+GD6bjnYm2VuPuCXmpuYvmCXQ=="
    },
    "safer-buffer": {
      "version": "2.1.2",
      "resolved": "https://registry.npmjs.org/safer-buffer/-/safer-buffer-2.1.2.tgz",
      "integrity": "sha512-YZo3K82SD7Riyi0E1EQPojLz7kpepnSQI9IyPbHHg1XXXevb5dJI7tpyN2ADxGcQbHG7vcyRHk0cbwqcQriUtg=="
    },
    "sshpk": {
      "version": "1.16.1",
      "resolved": "https://registry.npmjs.org/sshpk/-/sshpk-1.16.1.tgz",
      "integrity": "sha512-HXXqVUq7+pcKeLqqZj6mHFUMvXtOJt1uoUx09pFW6011inTMxqI8BA8PM95myrIyyKwdnzjdFjLiE6KBPVtJIg==",
      "requires": {
        "asn1": "~0.2.3",
        "assert-plus": "^1.0.0",
        "bcrypt-pbkdf": "^1.0.0",
        "dashdash": "^1.12.0",
        "ecc-jsbn": "~0.1.1",
        "getpass": "^0.1.1",
        "jsbn": "~0.1.0",
        "safer-buffer": "^2.0.2",
        "tweetnacl": "~0.14.0"
      }
    },
    "string_decoder": {
      "version": "0.10.31",
      "resolved": "https://registry.npmjs.org/string_decoder/-/string_decoder-0.10.31.tgz",
      "integrity": "sha1-YuIDvEF2bGwoyfyEMB2rHFMQ+pQ="
    },
    "sync-fetch": {
      "version": "0.2.0",
      "resolved": "https://registry.npmjs.org/sync-fetch/-/sync-fetch-0.2.0.tgz",
      "integrity": "sha512-hpGlo2YfnNYligGQl4Hk6UY2FH6xRFp5GTMAek68/kIbur7zglXiNw/2JvUbtS3HstaR4gZkrfF+vtrfm0slOw==",
      "requires": {
        "buffer": "^5.4.2",
        "node-fetch": "^2.6.0"
      },
      "dependencies": {
        "node-fetch": {
          "version": "2.6.1",
          "resolved": "https://registry.npmjs.org/node-fetch/-/node-fetch-2.6.1.tgz",
          "integrity": "sha512-V4aYg89jEoVRxRb2fJdAg8FHvI7cEyYdVAh94HH0UIK8oJxUfkjlDQN9RbMx+bEjP7+ggMiFRprSti032Oipxw=="
        }
      }
    },
    "tough-cookie": {
      "version": "2.5.0",
      "resolved": "https://registry.npmjs.org/tough-cookie/-/tough-cookie-2.5.0.tgz",
      "integrity": "sha512-nlLsUzgm1kfLXSXfRZMc1KLAugd4hqJHDTvc2hDIwS3mZAfMEuMbc03SujMF+GEcpaX/qboeycw6iO8JwVv2+g==",
      "requires": {
        "psl": "^1.1.28",
        "punycode": "^2.1.1"
      }
    },
    "tunnel-agent": {
      "version": "0.6.0",
      "resolved": "https://registry.npmjs.org/tunnel-agent/-/tunnel-agent-0.6.0.tgz",
      "integrity": "sha1-J6XeoGs2sEoKmWZ3SykIaPD8QP0=",
      "requires": {
        "safe-buffer": "^5.0.1"
      }
    },
    "tweetnacl": {
      "version": "0.14.5",
      "resolved": "https://registry.npmjs.org/tweetnacl/-/tweetnacl-0.14.5.tgz",
      "integrity": "sha1-WuaBd/GS1EViadEIr6k/+HQ/T2Q="
    },
    "underscore": {
      "version": "1.5.2",
      "resolved": "https://registry.npmjs.org/underscore/-/underscore-1.5.2.tgz",
      "integrity": "sha1-EzXF5PXm0zu7SwBrqMhqAPVW3gg="
    },
    "uri-js": {
      "version": "4.4.0",
      "resolved": "https://registry.npmjs.org/uri-js/-/uri-js-4.4.0.tgz",
      "integrity": "sha512-B0yRTzYdUCCn9n+F4+Gh4yIDtMQcaJsmYBDsTSG8g/OejKBodLQ2IHfN3bM7jUsRXndopT7OIXWdYqc1fjmV6g==",
      "requires": {
        "punycode": "^2.1.0"
      }
    },
    "uuid": {
      "version": "3.4.0",
      "resolved": "https://registry.npmjs.org/uuid/-/uuid-3.4.0.tgz",
      "integrity": "sha512-HjSDRw6gZE5JMggctHBcjVak08+KEVhSIiDzFnT9S9aegmp85S/bReBVTb4QTFaRNptJ9kuYaNhnbNEOkbKb/A=="
    },
    "verror": {
      "version": "1.10.0",
      "resolved": "https://registry.npmjs.org/verror/-/verror-1.10.0.tgz",
      "integrity": "sha1-OhBcoXBTr1XW4nDB+CiGguGNpAA=",
      "requires": {
        "assert-plus": "^1.0.0",
        "core-util-is": "1.0.2",
        "extsprintf": "^1.2.0"
      }
    },
    "whatwg-fetch": {
      "version": "3.4.1",
      "resolved": "https://registry.npmjs.org/whatwg-fetch/-/whatwg-fetch-3.4.1.tgz",
      "integrity": "sha512-sofZVzE1wKwO+EYPbWfiwzaKovWiZXf4coEzjGP9b2GBVgQRLQUZ2QcuPpQExGDAW5GItpEm6Tl4OU5mywnAoQ=="
    },
    "wikibase-sdk": {
      "version": "7.7.1",
      "resolved": "https://registry.npmjs.org/wikibase-sdk/-/wikibase-sdk-7.7.1.tgz",
      "integrity": "sha512-cKt+vlriesiHDfvhnZj8X9niDSuYHtpvWgTzo5slLD5MHkkOafPZUkE7gWDg3X09eNJo5tpWjVUB6XLGWtHpsA=="
    },
    "wikidata-sdk": {
      "version": "7.7.1",
      "resolved": "https://registry.npmjs.org/wikidata-sdk/-/wikidata-sdk-7.7.1.tgz",
      "integrity": "sha512-HvHYlDDLT7J3/u27QVaYHrEYub0pJgEX+fyjyfYo9BRxpMJFAtNV3KcODX4eLfr/wXMADu6hYX/hHtKX9VTwOQ==",
      "requires": {
        "wikibase-sdk": "^7.7.1"
      }
    }
  }
}
