{
  "name": "twitter-unfollowers",
  "version": "1.0.0",
  "lockfileVersion": 2,
  "requires": true,
  "packages": {
    "": {
      "name": "twitter-unfollowers",
      "version": "1.0.0",
      "license": "MIT",
      "dependencies": {
        "twitter-unfollowers": "^1.0.0"
      }
    },
    "node_modules/twitter-unfollowers": {
      "version": "1.0.0",
      "resolved": "https://registry.npmjs.org/twitter-unfollowers/-/twitter-unfollowers-1.0.0.tgz",
      "integrity": "sha512-OOz8gHI2XlY53dYg6q0lN/YrPr/AZSPSC85wBCNhQ6tKC0034vmwhOKaguvsTKHN6P3vHoBJBea98qJK9h8Ulw=="
    }
  },
  "dependencies": {
    "twitter-unfollowers": {
      "version": "1.0.0",
      "resolved": "https://registry.npmjs.org/twitter-unfollowers/-/twitter-unfollowers-1.0.0.tgz",
      "integrity": "sha512-OOz8gHI2XlY53dYg6q0lN/YrPr/AZSPSC85wBCNhQ6tKC0034vmwhOKaguvsTKHN6P3vHoBJBea98qJK9h8Ulw=="
    }
  }
}
